
Microsoft Visual Studio Solution File, Format Version 12.00
# Visual Studio Version 16
VisualStudioVersion = 16.0.31613.86
MinimumVisualStudioVersion = 10.0.40219.1
Project("{FAE04EC0-301F-11D3-BF4B-00C04F79EFBC}") = "TimeChip App 1.0", "TimeChip App 1.0.csproj", "{B6D09FF1-1CBB-479C-B74F-11F73E191AEF}"
EndProject
Global
	GlobalSection(SolutionConfigurationPlatforms) = preSolution
		Debug|Any CPU = Debug|Any CPU
		Release|Any CPU = Release|Any CPU
	EndGlobalSection
	GlobalSection(ProjectConfigurationPlatforms) = postSolution
		{B6D09FF1-1CBB-479C-B74F-11F73E191AEF}.Debug|Any CPU.ActiveCfg = Debug|Any CPU
		{B6D09FF1-1CBB-479C-B74F-11F73E191AEF}.Debug|Any CPU.Build.0 = Debug|Any CPU
		{B6D09FF1-1CBB-479C-B74F-11F73E191AEF}.Release|Any CPU.ActiveCfg = Release|Any CPU
		{B6D09FF1-1CBB-479C-B74F-11F73E191AEF}.Release|Any CPU.Build.0 = Release|Any CPU
	EndGlobalSection
	GlobalSection(SolutionProperties) = preSolution
		HideSolutionNode = FALSE
	EndGlobalSection
	GlobalSection(ExtensibilityGlobals) = postSolution
		SolutionGuid = {DD88E599-035D-476C-BEB4-91FA66949167}
	EndGlobalSection
EndGlobal
